
Microsoft Visual Studio Solution File, Format Version 12.00
# Visual Studio Version 17
VisualStudioVersion = 17.4.33205.214
MinimumVisualStudioVersion = 10.0.40219.1
Project("{9A19103F-16F7-4668-BE54-9A1E7A4F7556}") = "polish-draughts", "polish-draughts.csproj", "{4C7E84E2-81D7-4EDA-A7DD-394E73C7EA99}"
EndProject
Global
	GlobalSection(SolutionConfigurationPlatforms) = preSolution
		Debug|Any CPU = Debug|Any CPU
		Release|Any CPU = Release|Any CPU
	EndGlobalSection
	GlobalSection(ProjectConfigurationPlatforms) = postSolution
		{4C7E84E2-81D7-4EDA-A7DD-394E73C7EA99}.Debug|Any CPU.ActiveCfg = Debug|Any CPU
		{4C7E84E2-81D7-4EDA-A7DD-394E73C7EA99}.Debug|Any CPU.Build.0 = Debug|Any CPU
		{4C7E84E2-81D7-4EDA-A7DD-394E73C7EA99}.Release|Any CPU.ActiveCfg = Release|Any CPU
		{4C7E84E2-81D7-4EDA-A7DD-394E73C7EA99}.Release|Any CPU.Build.0 = Release|Any CPU
	EndGlobalSection
	GlobalSection(SolutionProperties) = preSolution
		HideSolutionNode = FALSE
	EndGlobalSection
	GlobalSection(ExtensibilityGlobals) = postSolution
		SolutionGuid = {44FC6EAE-34AC-474E-87D1-448CD15DACFB}
	EndGlobalSection
EndGlobal
